
Microsoft Visual Studio Solution File, Format Version 12.00
# Visual Studio 2010
Project("{2150E333-8FDC-42A3-9474-1A3956D46DE8}") = "Solution Items", "Solution Items", "{354E6399-0813-4D53-9B7C-39E5E28F81AC}"
	ProjectSection(SolutionItems) = preProject
		Local.testsettings = Local.testsettings
		ShellPower.vsmdi = ShellPower.vsmdi
		TraceAndTestImpact.testsettings = TraceAndTestImpact.testsettings
	EndProjectSection
EndProject
Project("{FAE04EC0-301F-11D3-BF4B-00C04F79EFBC}") = "ShellPower.Core", "ShellPower.Core\ShellPower.Core.csproj", "{8F676497-A410-4BF6-BDBA-A3F1481DC5F5}"
EndProject
Project("{FAE04EC0-301F-11D3-BF4B-00C04F79EFBC}") = "ShellPower.App", "ShellPower.App\ShellPower.App.csproj", "{89D8A203-148A-4D32-BE6C-AB6C0B09880B}"
EndProject
Project("{FAE04EC0-301F-11D3-BF4B-00C04F79EFBC}") = "ShellPower.Worker", "ShellPower.Worker\ShellPower.Worker.csproj", "{8B4157FB-F365-4D9E-9834-51FACC8291ED}"
EndProject
Global
	GlobalSection(SolutionConfigurationPlatforms) = preSolution
		Debug|Any CPU = Debug|Any CPU
		Debug|x86 = Debug|x86
		Debug|x64 = Debug|x64
		Release|Any CPU = Release|Any CPU
		Release|x86 = Release|x86
		Release|x64 = Release|x64
	EndGlobalSection
	GlobalSection(ProjectConfigurationPlatforms) = postSolution
		{8F676497-A410-4BF6-BDBA-A3F1481DC5F5}.Debug|Any CPU.ActiveCfg = Debug|Any CPU
		{8F676497-A410-4BF6-BDBA-A3F1481DC5F5}.Debug|Any CPU.Build.0 = Debug|Any CPU
		{8F676497-A410-4BF6-BDBA-A3F1481DC5F5}.Debug|x86.ActiveCfg = Debug|Any CPU
		{8F676497-A410-4BF6-BDBA-A3F1481DC5F5}.Debug|x86.Build.0 = Debug|Any CPU
		{8F676497-A410-4BF6-BDBA-A3F1481DC5F5}.Debug|x64.ActiveCfg = Debug|Any CPU
		{8F676497-A410-4BF6-BDBA-A3F1481DC5F5}.Debug|x64.Build.0 = Debug|Any CPU
		{8F676497-A410-4BF6-BDBA-A3F1481DC5F5}.Release|Any CPU.ActiveCfg = Release|Any CPU
		{8F676497-A410-4BF6-BDBA-A3F1481DC5F5}.Release|Any CPU.Build.0 = Release|Any CPU
		{8F676497-A410-4BF6-BDBA-A3F1481DC5F5}.Release|x86.ActiveCfg = Release|Any CPU
		{8F676497-A410-4BF6-BDBA-A3F1481DC5F5}.Release|x86.Build.0 = Release|Any CPU
		{8F676497-A410-4BF6-BDBA-A3F1481DC5F5}.Release|x64.ActiveCfg = Release|Any CPU
		{8F676497-A410-4BF6-BDBA-A3F1481DC5F5}.Release|x64.Build.0 = Release|Any CPU
		{89D8A203-148A-4D32-BE6C-AB6C0B09880B}.Debug|Any CPU.ActiveCfg = Debug|Any CPU
		{89D8A203-148A-4D32-BE6C-AB6C0B09880B}.Debug|Any CPU.Build.0 = Debug|Any CPU
		{89D8A203-148A-4D32-BE6C-AB6C0B09880B}.Debug|x86.ActiveCfg = Debug|Any CPU
		{89D8A203-148A-4D32-BE6C-AB6C0B09880B}.Debug|x86.Build.0 = Debug|Any CPU
		{89D8A203-148A-4D32-BE6C-AB6C0B09880B}.Debug|x64.ActiveCfg = Debug|Any CPU
		{89D8A203-148A-4D32-BE6C-AB6C0B09880B}.Debug|x64.Build.0 = Debug|Any CPU
		{89D8A203-148A-4D32-BE6C-AB6C0B09880B}.Release|Any CPU.ActiveCfg = Release|Any CPU
		{89D8A203-148A-4D32-BE6C-AB6C0B09880B}.Release|Any CPU.Build.0 = Release|Any CPU
		{89D8A203-148A-4D32-BE6C-AB6C0B09880B}.Release|x86.ActiveCfg = Release|Any CPU
		{89D8A203-148A-4D32-BE6C-AB6C0B09880B}.Release|x86.Build.0 = Release|Any CPU
		{89D8A203-148A-4D32-BE6C-AB6C0B09880B}.Release|x64.ActiveCfg = Release|Any CPU
		{89D8A203-148A-4D32-BE6C-AB6C0B09880B}.Release|x64.Build.0 = Release|Any CPU
		{8B4157FB-F365-4D9E-9834-51FACC8291ED}.Debug|Any CPU.ActiveCfg = Debug|Any CPU
		{8B4157FB-F365-4D9E-9834-51FACC8291ED}.Debug|Any CPU.Build.0 = Debug|Any CPU
		{8B4157FB-F365-4D9E-9834-51FACC8291ED}.Debug|x86.ActiveCfg = Debug|Any CPU
		{8B4157FB-F365-4D9E-9834-51FACC8291ED}.Debug|x86.Build.0 = Debug|Any CPU
		{8B4157FB-F365-4D9E-9834-51FACC8291ED}.Debug|x64.ActiveCfg = Debug|Any CPU
		{8B4157FB-F365-4D9E-9834-51FACC8291ED}.Debug|x64.Build.0 = Debug|Any CPU
		{8B4157FB-F365-4D9E-9834-51FACC8291ED}.Release|Any CPU.ActiveCfg = Release|Any CPU
		{8B4157FB-F365-4D9E-9834-51FACC8291ED}.Release|Any CPU.Build.0 = Release|Any CPU
		{8B4157FB-F365-4D9E-9834-51FACC8291ED}.Release|x86.ActiveCfg = Release|Any CPU
		{8B4157FB-F365-4D9E-9834-51FACC8291ED}.Release|x86.Build.0 = Release|Any CPU
		{8B4157FB-F365-4D9E-9834-51FACC8291ED}.Release|x64.ActiveCfg = Release|Any CPU
		{8B4157FB-F365-4D9E-9834-51FACC8291ED}.Release|x64.Build.0 = Release|Any CPU
	EndGlobalSection
	GlobalSection(SolutionProperties) = preSolution
		HideSolutionNode = FALSE
	EndGlobalSection
	GlobalSection(TestCaseManagementSettings) = postSolution
		CategoryFile = ShellPower.vsmdi
	EndGlobalSection
EndGlobal
